# THIS IS AN AUTOGENERATED FILE. DO NOT EDIT THIS FILE DIRECTLY.
# yarn lockfile v1


"@babel/parser@^7.16.4":
  version "7.18.5"
  resolved "http://npm.sendinfo.com/@babel%2fparser/-/parser-7.18.5.tgz#337062363436a893a2d22faa60be5bb37091c83c"
  integrity sha512-YZWVaglMiplo7v8f1oMQ5ZPQr0vn7HPeZXxXWsxXJRjGVrzUFn9OxFQl1sb5wzfootjA/yChhW84BV+383FSOw==

"@ctrl/tinycolor@^3.4.1":
  version "3.4.1"
  resolved "http://npm.sendinfo.com/@ctrl%2ftinycolor/-/tinycolor-3.4.1.tgz#75b4c27948c81e88ccd3a8902047bcd797f38d32"
  integrity sha512-ej5oVy6lykXsvieQtqZxCOaLT+xD4+QNarq78cIYISHmZXshCvROLudpQN3lfL8G0NL7plMSSK+zlyvCaIJ4Iw==

"@element-plus/icons-vue@^2.0.4":
  version "2.0.4"
  resolved "http://npm.sendinfo.com/@element-plus%2ficons-vue/-/icons-vue-2.0.4.tgz#98fb9680c814a2a4f231b8bdabc8cd59b1b79d86"
  integrity sha512-UeBVBU3fuBsYa9mzM7DgkRztQ1Aftw3sMTI/1gZsqXq2NWiCOi16ZYXXGIc0jFDIu+k6SojzdlxOjv+rN/Y6FQ==

"@element-plus/icons-vue@^2.0.5":
  version "2.0.5"
  resolved "http://npm.sendinfo.com/@element-plus%2ficons-vue/-/icons-vue-2.0.5.tgz#8eb4143a7b5e4d8468d2e72af99eefee446f5ea0"
  integrity sha512-jvNWyKcdvPvMDLTWjghrPY+bYHKqh7hbAFIPe+HWR073zilzt33csREzmKx3VwhdlJUW5u0nCqN+0rwI8jlH+w==

"@floating-ui/core@^0.7.3":
  version "0.7.3"
  resolved "http://npm.sendinfo.com/@floating-ui%2fcore/-/core-0.7.3.tgz#d274116678ffae87f6b60e90f88cc4083eefab86"
  integrity sha512-buc8BXHmG9l82+OQXOFU3Kr2XQx9ys01U/Q9HMIrZ300iLc8HLMgh7dcCqgYzAzf4BkoQvDcXf5Y+CuEZ5JBYg==

"@floating-ui/dom@^0.5.3":
  version "0.5.3"
  resolved "http://npm.sendinfo.com/@floating-ui%2fdom/-/dom-0.5.3.tgz#ade192cf9a911fc3e95fb614fe281658b654043c"
  integrity sha512-vpjWB1uC7rajvgA58uzlJZgtWqrdDQLw+XVA3w63ZTmsWwRmVd0Gl5Dy9VMAViI9cP7hBWaJt23Jy3AVgVYnoQ==
  dependencies:
    "@floating-ui/core" "^0.7.3"

"@popperjs/core@npm:@sxzz/popperjs-es@^2.11.7":
  version "2.11.7"
  resolved "http://npm.sendinfo.com/@sxzz%2fpopperjs-es/-/popperjs-es-2.11.7.tgz#a7f69e3665d3da9b115f9e71671dae1b97e13671"
  integrity sha512-Ccy0NlLkzr0Ex2FKvh2X+OyERHXJ88XJ1MXtsI9y9fGexlaXaVTPzBCRBwIxFkORuOb+uBqeu+RqnpgYTEZRUQ==

"@types/lodash-es@^4.17.6":
  version "4.17.6"
  resolved "http://npm.sendinfo.com/@types%2flodash-es/-/lodash-es-4.17.6.tgz#c2ed4c8320ffa6f11b43eb89e9eaeec65966a0a0"
  integrity sha512-R+zTeVUKDdfoRxpAryaQNRKk3105Rrgx2CFRClIgRGaqDTdjsm8h6IYA8ir584W3ePzkZfst5xIgDwYrlh9HLg==
  dependencies:
    "@types/lodash" "*"

"@types/lodash@*", "@types/lodash@^4.14.182":
  version "4.14.182"
  resolved "http://npm.sendinfo.com/@types%2flodash/-/lodash-4.14.182.tgz#05301a4d5e62963227eaafe0ce04dd77c54ea5c2"
  integrity sha512-/THyiqyQAP9AfARo4pF+aCGcyiQ94tX/Is2I7HofNRqoYLgN1PBoOWu2/zTA5zMxzP5EFutMtWtGAFRKUe961Q==

"@vitejs/plugin-vue@^2.3.3":
  version "2.3.3"
  resolved "http://npm.sendinfo.com/@vitejs%2fplugin-vue/-/plugin-vue-2.3.3.tgz#fbf80cc039b82ac21a1acb0f0478de8f61fbf600"
  integrity sha512-SmQLDyhz+6lGJhPELsBdzXGc+AcaT8stgkbiTFGpXPe8Tl1tJaBw1A6pxDqDuRsVkD8uscrkx3hA7QDOoKYtyw==

"@volar/code-gen@0.34.17":
  version "0.34.17"
  resolved "http://npm.sendinfo.com/@volar%2fcode-gen/-/code-gen-0.34.17.tgz#fd46e369454e6bd9599b511500b4c43acb9730bd"
  integrity sha512-rHR7BA71BJ/4S7xUOPMPiB7uk6iU9oTWpEMZxFi5VGC9iJmDncE82WzU5iYpcbOBCVHsOjMh0+5CGMgdO6SaPA==
  dependencies:
    "@volar/source-map" "0.34.17"

"@volar/source-map@0.34.17":
  version "0.34.17"
  resolved "http://npm.sendinfo.com/@volar%2fsource-map/-/source-map-0.34.17.tgz#79efc4d088e11f59fc857953185a1f852df70968"
  integrity sha512-3yn1IMXJGGWB/G817/VFlFMi8oh5pmE7VzUqvgMZMrppaZpKj6/juvJIEiXNxRsgWc0RxIO8OSp4htdPUg1Raw==

"@volar/vue-code-gen@0.34.17":
  version "0.34.17"
  resolved "http://npm.sendinfo.com/@volar%2fvue-code-gen/-/vue-code-gen-0.34.17.tgz#55ca9c21b38c91bf362761b268a77b9f0ecae8bf"
  integrity sha512-17pzcK29fyFWUc+C82J3JYSnA+jy3QNrIldb9kPaP9Itbik05ZjEIyEue9FjhgIAuHeYSn4LDM5s6nGjxyfhsQ==
  dependencies:
    "@volar/code-gen" "0.34.17"
    "@volar/source-map" "0.34.17"
    "@vue/compiler-core" "^3.2.36"
    "@vue/compiler-dom" "^3.2.36"
    "@vue/shared" "^3.2.36"

"@volar/vue-typescript@0.34.17":
  version "0.34.17"
  resolved "http://npm.sendinfo.com/@volar%2fvue-typescript/-/vue-typescript-0.34.17.tgz#497eb471ebac25ff61af04031b78ec71a34d470b"
  integrity sha512-U0YSVIBPRWVPmgJHNa4nrfq88+oS+tmyZNxmnfajIw9A/GOGZQiKXHC0k09SVvbYXlsjgJ6NIjhm9NuAhGRQjg==
  dependencies:
    "@volar/code-gen" "0.34.17"
    "@volar/source-map" "0.34.17"
    "@volar/vue-code-gen" "0.34.17"
    "@vue/compiler-sfc" "^3.2.36"
    "@vue/reactivity" "^3.2.36"

"@vue/compiler-core@3.2.37", "@vue/compiler-core@^3.2.36":
  version "3.2.37"
  resolved "http://npm.sendinfo.com/@vue%2fcompiler-core/-/compiler-core-3.2.37.tgz#b3c42e04c0e0f2c496ff1784e543fbefe91e215a"
  integrity sha512-81KhEjo7YAOh0vQJoSmAD68wLfYqJvoiD4ulyedzF+OEk/bk6/hx3fTNVfuzugIIaTrOx4PGx6pAiBRe5e9Zmg==
  dependencies:
    "@babel/parser" "^7.16.4"
    "@vue/shared" "3.2.37"
    estree-walker "^2.0.2"
    source-map "^0.6.1"

"@vue/compiler-dom@3.2.37", "@vue/compiler-dom@^3.2.36":
  version "3.2.37"
  resolved "http://npm.sendinfo.com/@vue%2fcompiler-dom/-/compiler-dom-3.2.37.tgz#10d2427a789e7c707c872da9d678c82a0c6582b5"
  integrity sha512-yxJLH167fucHKxaqXpYk7x8z7mMEnXOw3G2q62FTkmsvNxu4FQSu5+3UMb+L7fjKa26DEzhrmCxAgFLLIzVfqQ==
  dependencies:
    "@vue/compiler-core" "3.2.37"
    "@vue/shared" "3.2.37"

"@vue/compiler-sfc@3.2.37", "@vue/compiler-sfc@^3.2.36":
  version "3.2.37"
  resolved "http://npm.sendinfo.com/@vue%2fcompiler-sfc/-/compiler-sfc-3.2.37.tgz#3103af3da2f40286edcd85ea495dcb35bc7f5ff4"
  integrity sha512-+7i/2+9LYlpqDv+KTtWhOZH+pa8/HnX/905MdVmAcI/mPQOBwkHHIzrsEsucyOIZQYMkXUiTkmZq5am/NyXKkg==
  dependencies:
    "@babel/parser" "^7.16.4"
    "@vue/compiler-core" "3.2.37"
    "@vue/compiler-dom" "3.2.37"
    "@vue/compiler-ssr" "3.2.37"
    "@vue/reactivity-transform" "3.2.37"
    "@vue/shared" "3.2.37"
    estree-walker "^2.0.2"
    magic-string "^0.25.7"
    postcss "^8.1.10"
    source-map "^0.6.1"

"@vue/compiler-ssr@3.2.37":
  version "3.2.37"
  resolved "http://npm.sendinfo.com/@vue%2fcompiler-ssr/-/compiler-ssr-3.2.37.tgz#4899d19f3a5fafd61524a9d1aee8eb0505313cff"
  integrity sha512-7mQJD7HdXxQjktmsWp/J67lThEIcxLemz1Vb5I6rYJHR5vI+lON3nPGOH3ubmbvYGt8xEUaAr1j7/tIFWiEOqw==
  dependencies:
    "@vue/compiler-dom" "3.2.37"
    "@vue/shared" "3.2.37"

"@vue/devtools-api@^6.0.0":
  version "6.1.4"
  resolved "http://npm.sendinfo.com/@vue%2fdevtools-api/-/devtools-api-6.1.4.tgz#b4aec2f4b4599e11ba774a50c67fa378c9824e53"
  integrity sha512-IiA0SvDrJEgXvVxjNkHPFfDx6SXw0b/TUkqMcDZWNg9fnCAHbTpoo59YfJ9QLFkwa3raau5vSlRVzMSLDnfdtQ==

"@vue/reactivity-transform@3.2.37":
  version "3.2.37"
  resolved "http://npm.sendinfo.com/@vue%2freactivity-transform/-/reactivity-transform-3.2.37.tgz#0caa47c4344df4ae59f5a05dde2a8758829f8eca"
  integrity sha512-IWopkKEb+8qpu/1eMKVeXrK0NLw9HicGviJzhJDEyfxTR9e1WtpnnbYkJWurX6WwoFP0sz10xQg8yL8lgskAZg==
  dependencies:
    "@babel/parser" "^7.16.4"
    "@vue/compiler-core" "3.2.37"
    "@vue/shared" "3.2.37"
    estree-walker "^2.0.2"
    magic-string "^0.25.7"

"@vue/reactivity@3.2.37", "@vue/reactivity@^3.2.36":
  version "3.2.37"
  resolved "http://npm.sendinfo.com/@vue%2freactivity/-/reactivity-3.2.37.tgz#5bc3847ac58828e2b78526e08219e0a1089f8848"
  integrity sha512-/7WRafBOshOc6m3F7plwzPeCu/RCVv9uMpOwa/5PiY1Zz+WLVRWiy0MYKwmg19KBdGtFWsmZ4cD+LOdVPcs52A==
  dependencies:
    "@vue/shared" "3.2.37"

"@vue/runtime-core@3.2.37":
  version "3.2.37"
  resolved "http://npm.sendinfo.com/@vue%2fruntime-core/-/runtime-core-3.2.37.tgz#7ba7c54bb56e5d70edfc2f05766e1ca8519966e3"
  integrity sha512-JPcd9kFyEdXLl/i0ClS7lwgcs0QpUAWj+SKX2ZC3ANKi1U4DOtiEr6cRqFXsPwY5u1L9fAjkinIdB8Rz3FoYNQ==
  dependencies:
    "@vue/reactivity" "3.2.37"
    "@vue/shared" "3.2.37"

"@vue/runtime-dom@3.2.37":
  version "3.2.37"
  resolved "http://npm.sendinfo.com/@vue%2fruntime-dom/-/runtime-dom-3.2.37.tgz#002bdc8228fa63949317756fb1e92cdd3f9f4bbd"
  integrity sha512-HimKdh9BepShW6YozwRKAYjYQWg9mQn63RGEiSswMbW+ssIht1MILYlVGkAGGQbkhSh31PCdoUcfiu4apXJoPw==
  dependencies:
    "@vue/runtime-core" "3.2.37"
    "@vue/shared" "3.2.37"
    csstype "^2.6.8"

"@vue/server-renderer@3.2.37":
  version "3.2.37"
  resolved "http://npm.sendinfo.com/@vue%2fserver-renderer/-/server-renderer-3.2.37.tgz#840a29c8dcc29bddd9b5f5ffa22b95c0e72afdfc"
  integrity sha512-kLITEJvaYgZQ2h47hIzPh2K3jG8c1zCVbp/o/bzQOyvzaKiCquKS7AaioPI28GNxIsE/zSx+EwWYsNxDCX95MA==
  dependencies:
    "@vue/compiler-ssr" "3.2.37"
    "@vue/shared" "3.2.37"

"@vue/shared@3.2.37", "@vue/shared@^3.2.36":
  version "3.2.37"
  resolved "http://npm.sendinfo.com/@vue%2fshared/-/shared-3.2.37.tgz#8e6adc3f2759af52f0e85863dfb0b711ecc5c702"
  integrity sha512-4rSJemR2NQIo9Klm1vabqWjD8rs/ZaJSzMxkMNeJS6lHiUjjUeYFbooN19NgFjztubEKh3WlZUeOLVdbbUWHsw==

"@vueuse/core@^8.6.0":
  version "8.7.3"
  resolved "http://npm.sendinfo.com/@vueuse%2fcore/-/core-8.7.3.tgz#50d4e40417f10d9b3ccf801cee9b1bf913f0a1da"
  integrity sha512-jpBnyG9b4wXgk0Dz3I71lfhD0o53t1tZR+NoAQ+17zJy7MP/VDfGIkq8GcqpDwmptLCmGiGVipkPbWmDGMic8Q==
  dependencies:
    "@vueuse/metadata" "8.7.3"
    "@vueuse/shared" "8.7.3"
    vue-demi "*"

"@vueuse/metadata@8.7.3":
  version "8.7.3"
  resolved "http://npm.sendinfo.com/@vueuse%2fmetadata/-/metadata-8.7.3.tgz#6db0d064ed4ece3854be63a43a829ed6395d6844"
  integrity sha512-spf9kgCsBEFbQb90I6SIqAWh1yP5T1JoJGj+/04+VTMIHXKzn3iecmHUalg8QEOCPNtnFQGNEw5OLg0L39eizg==

"@vueuse/shared@8.7.3":
  version "8.7.3"
  resolved "http://npm.sendinfo.com/@vueuse%2fshared/-/shared-8.7.3.tgz#64b394c24a68fcf105c6bfe98954df11642bc111"
  integrity sha512-PMc/h6cEakJ4+5VuNUGi7RnbA6CkLvtG2230x8w3zYJpW1P6Qphh9+dFFvHn7TX+RlaicF5ND0RX1NxWmAoW7w==
  dependencies:
    vue-demi "*"

anymatch@~3.1.2:
  version "3.1.2"
  resolved "http://npm.sendinfo.com/anymatch/-/anymatch-3.1.2.tgz#c0557c096af32f106198f4f4e2a383537e378716"
  integrity sha1-wFV8CWrzLxBhmPT04qODU343hxY=
  dependencies:
    normalize-path "^3.0.0"
    picomatch "^2.0.4"

async-validator@^4.1.1:
  version "4.2.5"
  resolved "http://npm.sendinfo.com/async-validator/-/async-validator-4.2.5.tgz#c96ea3332a521699d0afaaceed510a54656c6339"
  integrity sha512-7HhHjtERjqlNbZtqNqy2rckN/SpOOlmDliet+lP7k+eKZEjPk3DgyeU9lIXLdeLz0uBbbVp+9Qdow9wJWgwwfg==

binary-extensions@^2.0.0:
  version "2.2.0"
  resolved "http://npm.sendinfo.com/binary-extensions/-/binary-extensions-2.2.0.tgz#75f502eeaf9ffde42fc98829645be4ea76bd9e2d"
  integrity sha1-dfUC7q+f/eQvyYgpZFvk6na9ni0=

braces@~3.0.2:
  version "3.0.2"
  resolved "http://npm.sendinfo.com/braces/-/braces-3.0.2.tgz#3454e1a462ee8d599e236df336cd9ea4f8afe107"
  integrity sha1-NFThpGLujVmeI23zNs2epPiv4Qc=
  dependencies:
    fill-range "^7.0.1"

"chokidar@>=3.0.0 <4.0.0":
  version "3.5.3"
  resolved "http://npm.sendinfo.com/chokidar/-/chokidar-3.5.3.tgz#1cf37c8707b932bd1af1ae22c0432e2acd1903bd"
  integrity sha512-Dr3sfKRP6oTcjf2JmUmFJfeVMvXBdegxB0iVQ5eb2V10uFJUCAS8OByZdVAyVb8xXNz3GjjTgj9kLWsZTqE6kw==
  dependencies:
    anymatch "~3.1.2"
    braces "~3.0.2"
    glob-parent "~5.1.2"
    is-binary-path "~2.1.0"
    is-glob "~4.0.1"
    normalize-path "~3.0.0"
    readdirp "~3.6.0"
  optionalDependencies:
    fsevents "~2.3.2"

csstype@^2.6.8:
  version "2.6.20"
  resolved "http://npm.sendinfo.com/csstype/-/csstype-2.6.20.tgz#9229c65ea0b260cf4d3d997cb06288e36a8d6dda"
  integrity sha512-/WwNkdXfckNgw6S5R125rrW8ez139lBHWouiBvX8dfMFtcn6V81REDqnH7+CRpRipfYlyU1CmOnOxrmGcFOjeA==

dayjs@^1.11.3:
  version "1.11.3"
  resolved "http://npm.sendinfo.com/dayjs/-/dayjs-1.11.3.tgz#4754eb694a624057b9ad2224b67b15d552589258"
  integrity sha512-xxwlswWOlGhzgQ4TKzASQkUhqERI3egRNqgV4ScR8wlANA/A9tZ7miXa44vTTKEq5l7vWoL5G57bG3zA+Kow0A==

element-plus@^2.2.5:
  version "2.2.6"
  resolved "http://npm.sendinfo.com/element-plus/-/element-plus-2.2.6.tgz#60b9e91a2159526123d1b950263de37947153433"
  integrity sha512-N9G4yWSxDt1YtreCJgt7UaSsXKuR4Fzb3ThzlBjbGDYDhcHijsrLL3qkdLZgeoSB13LRyr9pgP1ljNXdaYGa+g==
  dependencies:
    "@ctrl/tinycolor" "^3.4.1"
    "@element-plus/icons-vue" "^2.0.5"
    "@floating-ui/dom" "^0.5.3"
    "@popperjs/core" "npm:@sxzz/popperjs-es@^2.11.7"
    "@types/lodash" "^4.14.182"
    "@types/lodash-es" "^4.17.6"
    "@vueuse/core" "^8.6.0"
    async-validator "^4.1.1"
    dayjs "^1.11.3"
    escape-html "^1.0.3"
    lodash "^4.17.21"
    lodash-es "^4.17.21"
    lodash-unified "^1.0.2"
    memoize-one "^6.0.0"
    normalize-wheel-es "^1.1.2"

esbuild-android-64@0.14.45:
  version "0.14.45"
  resolved "http://npm.sendinfo.com/esbuild-android-64/-/esbuild-android-64-0.14.45.tgz#696f078d97a1350ceea5db626b3bc4a60fc13555"
  integrity sha512-krVmwL2uXQN1A+Ci4u2MR+Y0IAvQK0u3no5TsgguHVhTy138szjuohScCGjkpvLCpGLk7P4kFP1LKuntvJ0d4A==

esbuild-android-arm64@0.14.45:
  version "0.14.45"
  resolved "http://npm.sendinfo.com/esbuild-android-arm64/-/esbuild-android-arm64-0.14.45.tgz#d229da8040cea4a0041756d1abcea375b4e3f9db"
  integrity sha512-62POGdzAjM+XOXEM5MmFW6k9Pjdjg1hTrXKKBbPE700LFF36B+1Jv9QkskT5UadbTk4cdH9BQ7bGiRPYY0p/Dw==

esbuild-darwin-64@0.14.45:
  version "0.14.45"
  resolved "http://npm.sendinfo.com/esbuild-darwin-64/-/esbuild-darwin-64-0.14.45.tgz#d7d38d91e4c03890d58c297131e9b82895a37a6a"
  integrity sha512-dbkVUAnGx5IeZesWnIhnvxy7dSvgUQvfy0TVLzd9XVP3oI/VsKs8UNsfPrxI5HiN4SINv7oPAbxWceMpB7IqNA==

esbuild-darwin-arm64@0.14.45:
  version "0.14.45"
  resolved "http://npm.sendinfo.com/esbuild-darwin-arm64/-/esbuild-darwin-arm64-0.14.45.tgz#d4df2871b94351d7d5561e41f91aadba46857838"
  integrity sha512-O6Bz7nnOae5rvbh2Ueo8ibSr7+/eLjsbPdgeMsAZri+LkOa7nsVPnhmocpO3Hy/LWfagTtHy1O9HRPIaArPmTg==

esbuild-freebsd-64@0.14.45:
  version "0.14.45"
  resolved "http://npm.sendinfo.com/esbuild-freebsd-64/-/esbuild-freebsd-64-0.14.45.tgz#e90106a2db3f5b0771392d3f9d8801b3138825c6"
  integrity sha512-y1X2nr3XSWnDC7MRcy21EVAT0TiCtdefOntJ+SQcZnPBTURzX77f99S8lDF2KswukChkiacpd2Wd4VZieo7w7Q==

esbuild-freebsd-arm64@0.14.45:
  version "0.14.45"
  resolved "http://npm.sendinfo.com/esbuild-freebsd-arm64/-/esbuild-freebsd-arm64-0.14.45.tgz#e734c8ae8042cd9224406d45d6992261382bcbde"
  integrity sha512-r3ZNejkx1BKXQ6sYOP6C5rTwgiUajyAh03wygLWZtl+SLyygvAnu+OouqtveesufjBDgujp4wZXP/n8PVqXkqg==

esbuild-linux-32@0.14.45:
  version "0.14.45"
  resolved "http://npm.sendinfo.com/esbuild-linux-32/-/esbuild-linux-32-0.14.45.tgz#0f814a784c941bfd5a5dca7ff742b57744c5324b"
  integrity sha512-Qk9cCO3PJig/Y+SdslN/Th4pbAjgaH9oUjVH28eMsLTPf6QDUuK6EED91jepJdR3vxhcnVjyl6JqtOWmP+uxCg==

esbuild-linux-64@0.14.45:
  version "0.14.45"
  resolved "http://npm.sendinfo.com/esbuild-linux-64/-/esbuild-linux-64-0.14.45.tgz#2028a6dfb3fea7a5dd5e87cf00d02a36a3373e3c"
  integrity sha512-IybO2ugqvc/Zzn1Kih3x0FVjYAy3GTCwhtcp91dbdqk3wPqxYCzObYspa8ca0s+OovI0Cnb+rhXrUtq8gBqlqw==

esbuild-linux-arm64@0.14.45:
  version "0.14.45"
  resolved "http://npm.sendinfo.com/esbuild-linux-arm64/-/esbuild-linux-arm64-0.14.45.tgz#6fef4165583215918d45150148ac0a18d5ef6323"
  integrity sha512-UNEyuHTwztrkEU/+mWIxGzKrYBo2cEtjYAZQVZB1kliANKgRITktg2miaO/b/VtNe84ob1aXSvW8XOPEn5RTGQ==

esbuild-linux-arm@0.14.45:
  version "0.14.45"
  resolved "http://npm.sendinfo.com/esbuild-linux-arm/-/esbuild-linux-arm-0.14.45.tgz#e454f701ae5371322c8265f4356e098611e51f96"
  integrity sha512-qKWJ4A4TAcxXV2TBLPw3Av5X2SYNfyNnBHNJTQJ5VuevK6Aq5i6XEMvUgdlcVuZ9MYPfS5aJZWglzDzJMf1Lpw==

esbuild-linux-mips64le@0.14.45:
  version "0.14.45"
  resolved "http://npm.sendinfo.com/esbuild-linux-mips64le/-/esbuild-linux-mips64le-0.14.45.tgz#093cc86be71f9b0cd2876da23ee2f5d35b09a247"
  integrity sha512-s/jcfw3Vpku5dIVSFVY7idJsGdIpIJ88IrkyprVgCG2yBeXatb67B7yIt0E1tL+OHrJJdNBw6GikCiMPAAu1VA==

esbuild-linux-ppc64le@0.14.45:
  version "0.14.45"
  resolved "http://npm.sendinfo.com/esbuild-linux-ppc64le/-/esbuild-linux-ppc64le-0.14.45.tgz#8bddbf67157027e917b6e5b04230d7cf14d62cf2"
  integrity sha512-lJItl6ESZnhSx951U9R7MTBopgwIELHlQzC6SBR023V5JC1rPRFDZ/UEBsV+7BFcCAfqlyb+odGEAmcBSf4XCA==

esbuild-linux-riscv64@0.14.45:
  version "0.14.45"
  resolved "http://npm.sendinfo.com/esbuild-linux-riscv64/-/esbuild-linux-riscv64-0.14.45.tgz#0f234f63595159cfc976fd5310e7902e8b5a7ad7"
  integrity sha512-8anMu+QLl9MununVCGJN2I/JvUWPm1EVsBBLq/J+Nz4hr8t6QOCuEp0HRaeMohyl2XiMFBchVu0mwa05rF7GFQ==

esbuild-linux-s390x@0.14.45:
  version "0.14.45"
  resolved "http://npm.sendinfo.com/esbuild-linux-s390x/-/esbuild-linux-s390x-0.14.45.tgz#272288e0f30e4fa0f01d6df6572602c7df78c256"
  integrity sha512-1TPeNvNCoahMw745KNTA6POKaFfSqQrBb3fdOL82GXZqyKU/6rHNwGP0NgHe88bAUMp3QZfjGfCGKxfBHL77RQ==

esbuild-netbsd-64@0.14.45:
  version "0.14.45"
  resolved "http://npm.sendinfo.com/esbuild-netbsd-64/-/esbuild-netbsd-64-0.14.45.tgz#0f9af25773e025cd1ca5e22277661cb15d36b406"
  integrity sha512-55f2eZ8EQhhOZosqX0mApgRoI9PrVyXlHd9Uivk+B0B4WTKUgzkoHaVk4EkIUtNRQTpDWPciTlpb/C2tUYVejA==

esbuild-openbsd-64@0.14.45:
  version "0.14.45"
  resolved "http://npm.sendinfo.com/esbuild-openbsd-64/-/esbuild-openbsd-64-0.14.45.tgz#6d47a564eb4b80d9e3aeb4493918b36d17440228"
  integrity sha512-Z5sNcT3oN9eryMW3mGn5HAgg7XCxiUS4isqH1tZXpsdOdOESbgbTEP0mBEJU0WU7Vt2gIN5XMbAp7Oigm0k71g==

esbuild-sunos-64@0.14.45:
  version "0.14.45"
  resolved "http://npm.sendinfo.com/esbuild-sunos-64/-/esbuild-sunos-64-0.14.45.tgz#cca97d7d31214bddfa1970386883d1f3f2868cec"
  integrity sha512-WmWu4wAm8mIxxK9aWFCj5VHunY3BHQDT3dAPexMLLszPyMF7RDtUYf+Dash9tjyitvnoxPAvR7DpWpirDLQIlQ==

esbuild-windows-32@0.14.45:
  version "0.14.45"
  resolved "http://npm.sendinfo.com/esbuild-windows-32/-/esbuild-windows-32-0.14.45.tgz#afd98449fd6a741a4655e3e4f0e5ae7081765baf"
  integrity sha512-DPPehKwPJFBoSG+jILc/vcJNN8pTwz1m6FWojxqtqPhgw8OabTgN4vL7gNMqL/FSeDxF+zyvZeeMrZFYF1d81Q==

esbuild-windows-64@0.14.45:
  version "0.14.45"
  resolved "http://npm.sendinfo.com/esbuild-windows-64/-/esbuild-windows-64-0.14.45.tgz#5d284b712b119c6306ac5f32e2a611ac6eec2842"
  integrity sha512-t6bxFZcp9bLmSs+1pCNL/BW2bq3QEQHxU4HoiMEyWfF8QBU8iNXFI1iLGdyCzB1Ue2739h55tpOvojFrfyNPWA==

esbuild-windows-arm64@0.14.45:
  version "0.14.45"
  resolved "http://npm.sendinfo.com/esbuild-windows-arm64/-/esbuild-windows-arm64-0.14.45.tgz#08089d4cc921939ed352d9c2d928b5d867a6dc67"
  integrity sha512-DnhrvjECBJ2L0owoznPb4RqQKZ498SM8J+YHqmqzi0Gf/enkUwwTjB8vPCK6dDuFnNU/NE8f94FhKdkBHYruDQ==

esbuild@^0.14.27:
  version "0.14.45"
  resolved "http://npm.sendinfo.com/esbuild/-/esbuild-0.14.45.tgz#3e3192894f91c32cf19207726f136278be46e968"
  integrity sha512-JOxGUD8jcs8xE8DjyGWC8by/vLMCXTJ/wuauWipL5kJRZx1dhpqIntb31QHjA45GZJWaXv7SjC/Zwu1bCkXWtQ==
  optionalDependencies:
    esbuild-android-64 "0.14.45"
    esbuild-android-arm64 "0.14.45"
    esbuild-darwin-64 "0.14.45"
    esbuild-darwin-arm64 "0.14.45"
    esbuild-freebsd-64 "0.14.45"
    esbuild-freebsd-arm64 "0.14.45"
    esbuild-linux-32 "0.14.45"
    esbuild-linux-64 "0.14.45"
    esbuild-linux-arm "0.14.45"
    esbuild-linux-arm64 "0.14.45"
    esbuild-linux-mips64le "0.14.45"
    esbuild-linux-ppc64le "0.14.45"
    esbuild-linux-riscv64 "0.14.45"
    esbuild-linux-s390x "0.14.45"
    esbuild-netbsd-64 "0.14.45"
    esbuild-openbsd-64 "0.14.45"
    esbuild-sunos-64 "0.14.45"
    esbuild-windows-32 "0.14.45"
    esbuild-windows-64 "0.14.45"
    esbuild-windows-arm64 "0.14.45"

escape-html@^1.0.3:
  version "1.0.3"
  resolved "http://npm.sendinfo.com/escape-html/-/escape-html-1.0.3.tgz#0258eae4d3d0c0974de1c169188ef0051d1d1988"
  integrity sha1-Aljq5NPQwJdN4cFpGI7wBR0dGYg=

estree-walker@^2.0.2:
  version "2.0.2"
  resolved "http://npm.sendinfo.com/estree-walker/-/estree-walker-2.0.2.tgz#52f010178c2a4c117a7757cfe942adb7d2da4cac"
  integrity sha1-UvAQF4wqTBF6d1fP6UKtt9LaTKw=

fill-range@^7.0.1:
  version "7.0.1"
  resolved "http://npm.sendinfo.com/fill-range/-/fill-range-7.0.1.tgz#1919a6a7c75fe38b2c7c77e5198535da9acdda40"
  integrity sha1-GRmmp8df44ssfHflGYU12prN2kA=
  dependencies:
    to-regex-range "^5.0.1"

fsevents@~2.3.2:
  version "2.3.2"
  resolved "http://npm.sendinfo.com/fsevents/-/fsevents-2.3.2.tgz#8a526f78b8fdf4623b709e0b975c52c24c02fd1a"
  integrity sha1-ilJveLj99GI7cJ4Ll1xSwkwC/Ro=

function-bind@^1.1.1:
  version "1.1.1"
  resolved "http://npm.sendinfo.com/function-bind/-/function-bind-1.1.1.tgz#a56899d3ea3c9bab874bb9773b7c5ede92f4895d"
  integrity sha1-pWiZ0+o8m6uHS7l3O3xe3pL0iV0=

glob-parent@~5.1.2:
  version "5.1.2"
  resolved "http://npm.sendinfo.com/glob-parent/-/glob-parent-5.1.2.tgz#869832c58034fe68a4093c17dc15e8340d8401c4"
  integrity sha1-hpgyxYA0/mikCTwX3BXoNA2EAcQ=
  dependencies:
    is-glob "^4.0.1"

has@^1.0.3:
  version "1.0.3"
  resolved "http://npm.sendinfo.com/has/-/has-1.0.3.tgz#722d7cbfc1f6aa8241f16dd814e011e1f41e8796"
  integrity sha1-ci18v8H2qoJB8W3YFOAR4fQeh5Y=
  dependencies:
    function-bind "^1.1.1"

immutable@^4.0.0:
  version "4.1.0"
  resolved "http://npm.sendinfo.com/immutable/-/immutable-4.1.0.tgz#f795787f0db780183307b9eb2091fcac1f6fafef"
  integrity sha512-oNkuqVTA8jqG1Q6c+UglTOD1xhC1BtjKI7XkCXRkZHrN5m18/XsnUp8Q89GkQO/z+0WjonSvl0FLhDYftp46nQ==

is-binary-path@~2.1.0:
  version "2.1.0"
  resolved "http://npm.sendinfo.com/is-binary-path/-/is-binary-path-2.1.0.tgz#ea1f7f3b80f064236e83470f86c09c254fb45b09"
  integrity sha1-6h9/O4DwZCNug0cPhsCcJU+0Wwk=
  dependencies:
    binary-extensions "^2.0.0"

is-core-module@^2.9.0:
  version "2.9.0"
  resolved "http://npm.sendinfo.com/is-core-module/-/is-core-module-2.9.0.tgz#e1c34429cd51c6dd9e09e0799e396e27b19a9c69"
  integrity sha512-+5FPy5PnwmO3lvfMb0AsoPaBG+5KHUI0wYFXOtYPnVVVspTFUuMZNfNaNVRt3FZadstu2c8x23vykRW/NBoU6A==
  dependencies:
    has "^1.0.3"

is-extglob@^2.1.1:
  version "2.1.1"
  resolved "http://npm.sendinfo.com/is-extglob/-/is-extglob-2.1.1.tgz#a88c02535791f02ed37c76a1b9ea9773c833f8c2"
  integrity sha1-qIwCU1eR8C7TfHahueqXc8gz+MI=

is-glob@^4.0.1, is-glob@~4.0.1:
  version "4.0.3"
  resolved "http://npm.sendinfo.com/is-glob/-/is-glob-4.0.3.tgz#64f61e42cbbb2eec2071a9dac0b28ba1e65d5084"
  integrity sha1-ZPYeQsu7LuwgcanawLKLoeZdUIQ=
  dependencies:
    is-extglob "^2.1.1"

is-number@^7.0.0:
  version "7.0.0"
  resolved "http://npm.sendinfo.com/is-number/-/is-number-7.0.0.tgz#7535345b896734d5f80c4d06c50955527a14f12b"
  integrity sha1-dTU0W4lnNNX4DE0GxQlVUnoU8Ss=

klona@^2.0.4:
  version "2.0.5"
  resolved "http://npm.sendinfo.com/klona/-/klona-2.0.5.tgz#d166574d90076395d9963aa7a928fabb8d76afbc"
  integrity sha1-0WZXTZAHY5XZljqnqSj6u412r7w=

lodash-es@^4.17.21:
  version "4.17.21"
  resolved "http://npm.sendinfo.com/lodash-es/-/lodash-es-4.17.21.tgz#43e626c46e6591b7750beb2b50117390c609e3ee"
  integrity sha1-Q+YmxG5lkbd1C+srUBFzkMYJ4+4=

lodash-unified@^1.0.2:
  version "1.0.2"
  resolved "http://npm.sendinfo.com/lodash-unified/-/lodash-unified-1.0.2.tgz#bb2694db3533781e5cce984af60cfaea318b83c1"
  integrity sha512-OGbEy+1P+UT26CYi4opY4gebD8cWRDxAT6MAObIVQMiqYdxZr1g3QHWCToVsm31x2NkLS4K3+MC2qInaRMa39g==

lodash@^4.17.21:
  version "4.17.21"
  resolved "http://npm.sendinfo.com/lodash/-/lodash-4.17.21.tgz#679591c564c3bffaae8454cf0b3df370c3d6911c"
  integrity sha1-Z5WRxWTDv/quhFTPCz3zcMPWkRw=

magic-string@^0.25.7:
  version "0.25.9"
  resolved "http://npm.sendinfo.com/magic-string/-/magic-string-0.25.9.tgz#de7f9faf91ef8a1c91d02c2e5314c8277dbcdd1c"
  integrity sha512-RmF0AsMzgt25qzqqLc1+MbHmhdx0ojF2Fvs4XnOqz2ZOBXzzkEwc/dJQZCYHAn7v1jbVOjAZfK8msRn4BxO4VQ==
  dependencies:
    sourcemap-codec "^1.4.8"

memoize-one@^6.0.0:
  version "6.0.0"
  resolved "http://npm.sendinfo.com/memoize-one/-/memoize-one-6.0.0.tgz#b2591b871ed82948aee4727dc6abceeeac8c1045"
  integrity sha1-slkbhx7YKUiu5HJ9xqvO7qyMEEU=

nanoid@^3.3.4:
  version "3.3.4"
  resolved "http://npm.sendinfo.com/nanoid/-/nanoid-3.3.4.tgz#730b67e3cd09e2deacf03c027c81c9d9dbc5e8ab"
  integrity sha512-MqBkQh/OHTS2egovRtLk45wEyNXwF+cokD+1YPf9u5VfJiRdAiRwB2froX5Co9Rh20xs4siNPm8naNotSD6RBw==

neo-async@^2.6.2:
  version "2.6.2"
  resolved "http://npm.sendinfo.com/neo-async/-/neo-async-2.6.2.tgz#b4aafb93e3aeb2d8174ca53cf163ab7d7308305f"
  integrity sha1-tKr7k+OustgXTKU88WOrfXMIMF8=

normalize-path@^3.0.0, normalize-path@~3.0.0:
  version "3.0.0"
  resolved "http://npm.sendinfo.com/normalize-path/-/normalize-path-3.0.0.tgz#0dcd69ff23a1c9b11fd0978316644a0388216a65"
  integrity sha1-Dc1p/yOhybEf0JeDFmRKA4ghamU=

normalize-wheel-es@^1.1.2:
  version "1.1.2"
  resolved "http://npm.sendinfo.com/normalize-wheel-es/-/normalize-wheel-es-1.1.2.tgz#285e43676a62d687bf145e33452ea6be435162d0"
  integrity sha512-scX83plWJXYH1J4+BhAuIHadROzxX0UBF3+HuZNY2Ks8BciE7tSTQ+5JhTsvzjaO0/EJdm4JBGrfObKxFf3Png==

path-parse@^1.0.7:
  version "1.0.7"
  resolved "http://npm.sendinfo.com/path-parse/-/path-parse-1.0.7.tgz#fbc114b60ca42b30d9daf5858e4bd68bbedb6735"
  integrity sha1-+8EUtgykKzDZ2vWFjkvWi77bZzU=

picocolors@^1.0.0:
  version "1.0.0"
  resolved "http://npm.sendinfo.com/picocolors/-/picocolors-1.0.0.tgz#cb5bdc74ff3f51892236eaf79d68bc44564ab81c"
  integrity sha1-y1vcdP8/UYkiNur3nWi8RFZKuBw=

picomatch@^2.0.4, picomatch@^2.2.1:
  version "2.3.1"
  resolved "http://npm.sendinfo.com/picomatch/-/picomatch-2.3.1.tgz#3ba3833733646d9d3e4995946c1365a67fb07a42"
  integrity sha512-JU3teHTNjmE2VCGFzuY8EXzCDVwEqB2a8fsIvwaStHhAWJEeVd1o1QD80CU6+ZdEXXSLbSsuLwJjkCBWqRQUVA==

postcss@^8.1.10, postcss@^8.4.13:
  version "8.4.14"
  resolved "http://npm.sendinfo.com/postcss/-/postcss-8.4.14.tgz#ee9274d5622b4858c1007a74d76e42e56fd21caf"
  integrity sha512-E398TUmfAYFPBSdzgeieK2Y1+1cpdxJx8yXbK/m57nRhKSmk1GB2tO4lbLBtlkfPQTDKfe4Xqv1ASWPpayPEig==
  dependencies:
    nanoid "^3.3.4"
    picocolors "^1.0.0"
    source-map-js "^1.0.2"

readdirp@~3.6.0:
  version "3.6.0"
  resolved "http://npm.sendinfo.com/readdirp/-/readdirp-3.6.0.tgz#74a370bd857116e245b29cc97340cd431a02a6c7"
  integrity sha1-dKNwvYVxFuJFspzJc0DNQxoCpsc=
  dependencies:
    picomatch "^2.2.1"

resolve@^1.22.0:
  version "1.22.1"
  resolved "http://npm.sendinfo.com/resolve/-/resolve-1.22.1.tgz#27cb2ebb53f91abb49470a928bba7558066ac177"
  integrity sha512-nBpuuYuY5jFsli/JIs1oldw6fOQCBioohqWZg/2hiaOybXOft4lonv85uDOKXdf8rhyK159cxU5cDcK/NKk8zw==
  dependencies:
    is-core-module "^2.9.0"
    path-parse "^1.0.7"
    supports-preserve-symlinks-flag "^1.0.0"

rollup@^2.59.0:
  version "2.75.6"
  resolved "http://npm.sendinfo.com/rollup/-/rollup-2.75.6.tgz#ac4dc8600f95942a0180f61c7c9d6200e374b439"
  integrity sha512-OEf0TgpC9vU6WGROJIk1JA3LR5vk/yvqlzxqdrE2CzzXnqKXNzbAwlWUXis8RS3ZPe7LAq+YUxsRa0l3r27MLA==
  optionalDependencies:
    fsevents "~2.3.2"

sass-loader@^13.0.0:
  version "13.0.0"
  resolved "http://npm.sendinfo.com/sass-loader/-/sass-loader-13.0.0.tgz#0b4bff0289951ed21240bca54453eca3dbda1713"
  integrity sha512-IHCFecI+rbPvXE2zO/mqdVFe8MU7ElGrwga9hh2H65Ru4iaBJAMRteum1c4Gsxi9Cq1FOtTEDd6+/AEYuQDM4Q==
  dependencies:
    klona "^2.0.4"
    neo-async "^2.6.2"

sass@^1.52.3:
  version "1.52.3"
  resolved "http://npm.sendinfo.com/sass/-/sass-1.52.3.tgz#b7cc7ffea2341ccc9a0c4fd372bf1b3f9be1b6cb"
  integrity sha512-LNNPJ9lafx+j1ArtA7GyEJm9eawXN8KlA1+5dF6IZyoONg1Tyo/g+muOsENWJH/2Q1FHbbV4UwliU0cXMa/VIA==
  dependencies:
    chokidar ">=3.0.0 <4.0.0"
    immutable "^4.0.0"
    source-map-js ">=0.6.2 <2.0.0"

"source-map-js@>=0.6.2 <2.0.0", source-map-js@^1.0.2:
  version "1.0.2"
  resolved "http://npm.sendinfo.com/source-map-js/-/source-map-js-1.0.2.tgz#adbc361d9c62df380125e7f161f71c826f1e490c"
  integrity sha512-R0XvVJ9WusLiqTCEiGCmICCMplcCkIwwR11mOSD9CR5u+IXYdiseeEuXCVAjS54zqwkLcPNnmU4OeJ6tUrWhDw==

source-map@^0.6.1:
  version "0.6.1"
  resolved "http://npm.sendinfo.com/source-map/-/source-map-0.6.1.tgz#74722af32e9614e9c287a8d0bbde48b5e2f1a263"
  integrity sha1-dHIq8y6WFOnCh6jQu95IteLxomM=

sourcemap-codec@^1.4.8:
  version "1.4.8"
  resolved "http://npm.sendinfo.com/sourcemap-codec/-/sourcemap-codec-1.4.8.tgz#ea804bd94857402e6992d05a38ef1ae35a9ab4c4"
  integrity sha1-6oBL2UhXQC5pktBaOO8a41qatMQ=

supports-preserve-symlinks-flag@^1.0.0:
  version "1.0.0"
  resolved "http://npm.sendinfo.com/supports-preserve-symlinks-flag/-/supports-preserve-symlinks-flag-1.0.0.tgz#6eda4bd344a3c94aea376d4cc31bc77311039e09"
  integrity sha512-ot0WnXS9fgdkgIcePe6RHNk1WA8+muPa6cSjeR3V8K27q9BB1rTE3R1p7Hv0z1ZyAc8s6Vvv8DIyWf681MAt0w==

to-regex-range@^5.0.1:
  version "5.0.1"
  resolved "http://npm.sendinfo.com/to-regex-range/-/to-regex-range-5.0.1.tgz#1648c44aae7c8d988a326018ed72f5b4dd0392e4"
  integrity sha1-FkjESq58jZiKMmAY7XL1tN0DkuQ=
  dependencies:
    is-number "^7.0.0"

typescript@^4.5.4:
  version "4.7.4"
  resolved "http://npm.sendinfo.com/typescript/-/typescript-4.7.4.tgz#1a88596d1cf47d59507a1bcdfb5b9dfe4d488235"
  integrity sha512-C0WQT0gezHuw6AdY1M2jxUO83Rjf0HP7Sk1DtXj6j1EwkQNZrHAg2XPWlq62oqEhYvONq5pkC2Y9oPljWToLmQ==

vite@^2.9.9:
  version "2.9.12"
  resolved "http://npm.sendinfo.com/vite/-/vite-2.9.12.tgz#b1d636b0a8ac636afe9d83e3792d4895509a941b"
  integrity sha512-suxC36dQo9Rq1qMB2qiRorNJtJAdxguu5TMvBHOc/F370KvqAe9t48vYp+/TbPKRNrMh/J55tOUmkuIqstZaew==
  dependencies:
    esbuild "^0.14.27"
    postcss "^8.4.13"
    resolve "^1.22.0"
    rollup "^2.59.0"
  optionalDependencies:
    fsevents "~2.3.2"

vue-demi@*:
  version "0.13.1"
  resolved "http://npm.sendinfo.com/vue-demi/-/vue-demi-0.13.1.tgz#7604904c88be338418a10abbc94d5b8caa14cb8c"
  integrity sha512-xmkJ56koG3ptpLnpgmIzk9/4nFf4CqduSJbUM0OdPoU87NwRuZ6x49OLhjSa/fC15fV+5CbEnrxU4oyE022svg==

vue-router@^4.0.13:
  version "4.0.16"
  resolved "http://npm.sendinfo.com/vue-router/-/vue-router-4.0.16.tgz#9477beeeef36e80e04d041a1738801a55e6e862e"
  integrity sha512-JcO7cb8QJLBWE+DfxGUL3xUDOae/8nhM1KVdnudadTAORbuxIC/xAydC5Zr/VLHUDQi1ppuTF5/rjBGzgzrJNA==
  dependencies:
    "@vue/devtools-api" "^6.0.0"

vue-tsc@^0.34.7:
  version "0.34.17"
  resolved "http://npm.sendinfo.com/vue-tsc/-/vue-tsc-0.34.17.tgz#332fc5c31d64bb9b74b0f26050f3ab067a9a7d6f"
  integrity sha512-jzUXky44ZLHC4daaJag7FQr3idlPYN719/K1eObGljz5KaS2UnVGTU/XSYCd7d6ampYYg4OsyalbHyJIxV0aEQ==
  dependencies:
    "@volar/vue-typescript" "0.34.17"

vue@^3.2.25:
  version "3.2.37"
  resolved "http://npm.sendinfo.com/vue/-/vue-3.2.37.tgz#da220ccb618d78579d25b06c7c21498ca4e5452e"
  integrity sha512-bOKEZxrm8Eh+fveCqS1/NkG/n6aMidsI6hahas7pa0w/l7jkbssJVsRhVDs07IdDq7h9KHswZOgItnwJAgtVtQ==
  dependencies:
    "@vue/compiler-dom" "3.2.37"
    "@vue/compiler-sfc" "3.2.37"
    "@vue/runtime-dom" "3.2.37"
    "@vue/server-renderer" "3.2.37"
    "@vue/shared" "3.2.37"
